
Microsoft Visual Studio Solution File, Format Version 12.00
# Visual Studio Version 17
VisualStudioVersion = 17.8.34322.80
MinimumVisualStudioVersion = 10.0.40219.1
Project("{FAE04EC0-301F-11D3-BF4B-00C04F79EFBC}") = "LB", "ЛБ№1\LB.csproj", "{429BECB2-7D2F-4BCC-A9A6-74B1FDE4BBD8}"
EndProject
Global
	GlobalSection(SolutionConfigurationPlatforms) = preSolution
		Debug|Any CPU = Debug|Any CPU
		Release|Any CPU = Release|Any CPU
	EndGlobalSection
	GlobalSection(ProjectConfigurationPlatforms) = postSolution
		{429BECB2-7D2F-4BCC-A9A6-74B1FDE4BBD8}.Debug|Any CPU.ActiveCfg = Debug|Any CPU
		{429BECB2-7D2F-4BCC-A9A6-74B1FDE4BBD8}.Debug|Any CPU.Build.0 = Debug|Any CPU
		{429BECB2-7D2F-4BCC-A9A6-74B1FDE4BBD8}.Release|Any CPU.ActiveCfg = Release|Any CPU
		{429BECB2-7D2F-4BCC-A9A6-74B1FDE4BBD8}.Release|Any CPU.Build.0 = Release|Any CPU
	EndGlobalSection
	GlobalSection(SolutionProperties) = preSolution
		HideSolutionNode = FALSE
	EndGlobalSection
	GlobalSection(ExtensibilityGlobals) = postSolution
		SolutionGuid = {F3518987-4C7C-4700-B727-DD357D3B8C33}
	EndGlobalSection
EndGlobal
